
Microsoft Visual Studio Solution File, Format Version 12.00
# Visual Studio Version 16
VisualStudioVersion = 16.0.29709.97
MinimumVisualStudioVersion = 10.0.40219.1
Project("{FAE04EC0-301F-11D3-BF4B-00C04F79EFBC}") = "RedditArchiver", "RedditArchiver\RedditArchiver.csproj", "{CDA0A777-EE0C-4AD7-9C28-8475B5BC9491}"
EndProject
Global
	GlobalSection(SolutionConfigurationPlatforms) = preSolution
		Debug|Any CPU = Debug|Any CPU
		Release|Any CPU = Release|Any CPU
	EndGlobalSection
	GlobalSection(ProjectConfigurationPlatforms) = postSolution
		{CDA0A777-EE0C-4AD7-9C28-8475B5BC9491}.Debug|Any CPU.ActiveCfg = Debug|Any CPU
		{CDA0A777-EE0C-4AD7-9C28-8475B5BC9491}.Debug|Any CPU.Build.0 = Debug|Any CPU
		{CDA0A777-EE0C-4AD7-9C28-8475B5BC9491}.Release|Any CPU.ActiveCfg = Release|Any CPU
		{CDA0A777-EE0C-4AD7-9C28-8475B5BC9491}.Release|Any CPU.Build.0 = Release|Any CPU
	EndGlobalSection
	GlobalSection(SolutionProperties) = preSolution
		HideSolutionNode = FALSE
	EndGlobalSection
	GlobalSection(ExtensibilityGlobals) = postSolution
		SolutionGuid = {228E1B95-B733-4B59-8799-C95A992CE851}
	EndGlobalSection
EndGlobal
